
Microsoft Visual Studio Solution File, Format Version 12.00
# Visual Studio Version 17
VisualStudioVersion = 17.2.32630.192
MinimumVisualStudioVersion = 10.0.40219.1
Project("{9A19103F-16F7-4668-BE54-9A1E7A4F7556}") = "ContinentDemo.WebApi", "ContinentDemo.WebApi\ContinentDemo.WebApi.csproj", "{023A6333-8821-4B96-9773-3127D469ADC8}"
EndProject
Project("{9A19103F-16F7-4668-BE54-9A1E7A4F7556}") = "ContinentDemo.Tests", "ContinentDemo.Test\ContinentDemo.Tests.csproj", "{81FA3001-E756-4D8C-ACCF-9AB2712D7913}"
EndProject
Global
	GlobalSection(SolutionConfigurationPlatforms) = preSolution
		Debug|Any CPU = Debug|Any CPU
		Release|Any CPU = Release|Any CPU
	EndGlobalSection
	GlobalSection(ProjectConfigurationPlatforms) = postSolution
		{023A6333-8821-4B96-9773-3127D469ADC8}.Debug|Any CPU.ActiveCfg = Debug|Any CPU
		{023A6333-8821-4B96-9773-3127D469ADC8}.Debug|Any CPU.Build.0 = Debug|Any CPU
		{023A6333-8821-4B96-9773-3127D469ADC8}.Release|Any CPU.ActiveCfg = Release|Any CPU
		{023A6333-8821-4B96-9773-3127D469ADC8}.Release|Any CPU.Build.0 = Release|Any CPU
		{81FA3001-E756-4D8C-ACCF-9AB2712D7913}.Debug|Any CPU.ActiveCfg = Debug|Any CPU
		{81FA3001-E756-4D8C-ACCF-9AB2712D7913}.Debug|Any CPU.Build.0 = Debug|Any CPU
		{81FA3001-E756-4D8C-ACCF-9AB2712D7913}.Release|Any CPU.ActiveCfg = Release|Any CPU
		{81FA3001-E756-4D8C-ACCF-9AB2712D7913}.Release|Any CPU.Build.0 = Release|Any CPU
	EndGlobalSection
	GlobalSection(SolutionProperties) = preSolution
		HideSolutionNode = FALSE
	EndGlobalSection
	GlobalSection(ExtensibilityGlobals) = postSolution
		SolutionGuid = {B5836DA1-130E-4D39-9215-2C692FF62FDE}
	EndGlobalSection
EndGlobal
